// !$*UTF8*$!
{
	archiveVersion = 1;
	classes = {
	};
	objectVersion = 46;
	objects = {

/* Begin PBXBuildFile section */
		7347C10C1E55AEB80034DF72 /* AppDelegate.swift in Sources */ = {isa = PBXBuildFile; fileRef = 7347C10B1E55AEB80034DF72 /* AppDelegate.swift */; };
		7347C10E1E55AEB80034DF72 /* ChecklistViewController.swift in Sources */ = {isa = PBXBuildFile; fileRef = 7347C10D1E55AEB80034DF72 /* ChecklistViewController.swift */; };
		7347C1111E55AEB80034DF72 /* Main.storyboard in Resources */ = {isa = PBXBuildFile; fileRef = 7347C10F1E55AEB80034DF72 /* Main.storyboard */; };
		7347C1141E55AEB80034DF72 /* Checklists.xcdatamodeld in Sources */ = {isa = PBXBuildFile; fileRef = 7347C1121E55AEB80034DF72 /* Checklists.xcdatamodeld */; };
		7347C1161E55AEB80034DF72 /* Assets.xcassets in Resources */ = {isa = PBXBuildFile; fileRef = 7347C1151E55AEB80034DF72 /* Assets.xcassets */; };
		7347C1191E55AEB80034DF72 /* LaunchScreen.storyboard in Resources */ = {isa = PBXBuildFile; fileRef = 7347C1171E55AEB80034DF72 /* LaunchScreen.storyboard */; };
		7347C1241E55AEB80034DF72 /* ChecklistsTests.swift in Sources */ = {isa = PBXBuildFile; fileRef = 7347C1231E55AEB80034DF72 /* ChecklistsTests.swift */; };
		7347C12F1E55AEB80034DF72 /* ChecklistsUITests.swift in Sources */ = {isa = PBXBuildFile; fileRef = 7347C12E1E55AEB80034DF72 /* ChecklistsUITests.swift */; };
		73F15E861E5DB646008D0B8A /* ChecklistItem.swift in Sources */ = {isa = PBXBuildFile; fileRef = 73F15E851E5DB646008D0B8A /* ChecklistItem.swift */; };
		73F15E881E7030F7008D0B8A /* ItemDetailViewController.swift in Sources */ = {isa = PBXBuildFile; fileRef = 73F15E871E7030F6008D0B8A /* ItemDetailViewController.swift */; };
/* End PBXBuildFile section */

/* Begin PBXContainerItemProxy section */
		7347C1201E55AEB80034DF72 /* PBXContainerItemProxy */ = {
			isa = PBXContainerItemProxy;
			containerPortal = 7347C1001E55AEB70034DF72 /* Project object */;
			proxyType = 1;
			remoteGlobalIDString = 7347C1071E55AEB80034DF72;
			remoteInfo = Checklists;
		};
		7347C12B1E55AEB80034DF72 /* PBXContainerItemProxy */ = {
			isa = PBXContainerItemProxy;
			containerPortal = 7347C1001E55AEB70034DF72 /* Project object */;
			proxyType = 1;
			remoteGlobalIDString = 7347C1071E55AEB80034DF72;
			remoteInfo = Checklists;
		};
/* End PBXContainerItemProxy section */

/* Begin PBXFileReference section */
		7347C1081E55AEB80034DF72 /* Checklists.app */ = {isa = PBXFileReference; explicitFileType = wrapper.application; includeInIndex = 0; path = Checklists.app; sourceTree = BUILT_PRODUCTS_DIR; };
		7347C10B1E55AEB80034DF72 /* AppDelegate.swift */ = {isa = PBXFileReference; lastKnownFileType = sourcecode.swift; path = AppDelegate.swift; sourceTree = "<group>"; };
		7347C10D1E55AEB80034DF72 /* ChecklistViewController.swift */ = {isa = PBXFileReference; lastKnownFileType = sourcecode.swift; lineEnding = 0; path = ChecklistViewController.swift; sourceTree = "<group>"; xcLanguageSpecificationIdentifier = xcode.lang.swift; };
		7347C1101E55AEB80034DF72 /* Base */ = {isa = PBXFileReference; lastKnownFileType = file.storyboard; name = Base; path = Base.lproj/Main.storyboard; sourceTree = "<group>"; };
		7347C1131E55AEB80034DF72 /* Checklists.xcdatamodel */ = {isa = PBXFileReference; lastKnownFileType = wrapper.xcdatamodel; path = Checklists.xcdatamodel; sourceTree = "<group>"; };
		7347C1151E55AEB80034DF72 /* Assets.xcassets */ = {isa = PBXFileReference; lastKnownFileType = folder.assetcatalog; path = Assets.xcassets; sourceTree = "<group>"; };
		7347C1181E55AEB80034DF72 /* Base */ = {isa = PBXFileReference; lastKnownFileType = file.storyboard; name = Base; path = Base.lproj/LaunchScreen.storyboard; sourceTree = "<group>"; };
		7347C11A1E55AEB80034DF72 /* Info.plist */ = {isa = PBXFileReference; lastKnownFileType = text.plist.xml; path = Info.plist; sourceTree = "<group>"; };
		7347C11F1E55AEB80034DF72 /* ChecklistsTests.xctest */ = {isa = PBXFileReference; explicitFileType = wrapper.cfbundle; includeInIndex = 0; path = ChecklistsTests.xctest; sourceTree = BUILT_PRODUCTS_DIR; };
		7347C1231E55AEB80034DF72 /* ChecklistsTests.swift */ = {isa = PBXFileReference; lastKnownFileType = sourcecode.swift; path = ChecklistsTests.swift; sourceTree = "<group>"; };
		7347C1251E55AEB80034DF72 /* Info.plist */ = {isa = PBXFileReference; lastKnownFileType = text.plist.xml; path = Info.plist; sourceTree = "<group>"; };
		7347C12A1E55AEB80034DF72 /* ChecklistsUITests.xctest */ = {isa = PBXFileReference; explicitFileType = wrapper.cfbundle; includeInIndex = 0; path = ChecklistsUITests.xctest; sourceTree = BUILT_PRODUCTS_DIR; };
		7347C12E1E55AEB80034DF72 /* ChecklistsUITests.swift */ = {isa = PBXFileReference; lastKnownFileType = sourcecode.swift; path = ChecklistsUITests.swift; sourceTree = "<group>"; };
		7347C1301E55AEB80034DF72 /* Info.plist */ = {isa = PBXFileReference; lastKnownFileType = text.plist.xml; path = Info.plist; sourceTree = "<group>"; };
		73F15E851E5DB646008D0B8A /* ChecklistItem.swift */ = {isa = PBXFileReference; fileEncoding = 4; lastKnownFileType = sourcecode.swift; path = ChecklistItem.swift; sourceTree = "<group>"; };
		73F15E871E7030F6008D0B8A /* ItemDetailViewController.swift */ = {isa = PBXFileReference; fileEncoding = 4; lastKnownFileType = sourcecode.swift; lineEnding = 0; path = ItemDetailViewController.swift; sourceTree = "<group>"; xcLanguageSpecificationIdentifier = xcode.lang.swift; };
/* End PBXFileReference section */

/* Begin PBXFrameworksBuildPhase section */
		7347C1051E55AEB80034DF72 /* Frameworks */ = {
			isa = PBXFrameworksBuildPhase;
			buildActionMask = 2147483647;
			files = (
			);
			runOnlyForDeploymentPostprocessing = 0;
		};
		7347C11C1E55AEB80034DF72 /* Frameworks */ = {
			isa = PBXFrameworksBuildPhase;
			buildActionMask = 2147483647;
			files = (
			);
			runOnlyForDeploymentPostprocessing = 0;
		};
		7347C1271E55AEB80034DF72 /* Frameworks */ = {
			isa = PBXFrameworksBuildPhase;
			buildActionMask = 2147483647;
			files = (
			);
			runOnlyForDeploymentPostprocessing = 0;
		};
/* End PBXFrameworksBuildPhase section */

/* Begin PBXGroup section */
		7347C0FF1E55AEB70034DF72 = {
			isa = PBXGroup;
			children = (
				7347C10A1E55AEB80034DF72 /* Checklists */,
				7347C1221E55AEB80034DF72 /* ChecklistsTests */,
				7347C12D1E55AEB80034DF72 /* ChecklistsUITests */,
				7347C1091E55AEB80034DF72 /* Products */,
			);
			sourceTree = "<group>";
		};
		7347C1091E55AEB80034DF72 /* Products */ = {
			isa = PBXGroup;
			children = (
				7347C1081E55AEB80034DF72 /* Checklists.app */,
				7347C11F1E55AEB80034DF72 /* ChecklistsTests.xctest */,
				7347C12A1E55AEB80034DF72 /* ChecklistsUITests.xctest */,
			);
			name = Products;
			sourceTree = "<group>";
		};
		7347C10A1E55AEB80034DF72 /* Checklists */ = {
			isa = PBXGroup;
			children = (
				7347C10B1E55AEB80034DF72 /* AppDelegate.swift */,
				7347C10D1E55AEB80034DF72 /* ChecklistViewController.swift */,
				73F15E871E7030F6008D0B8A /* ItemDetailViewController.swift */,
				7347C10F1E55AEB80034DF72 /* Main.storyboard */,
				73F15E851E5DB646008D0B8A /* ChecklistItem.swift */,
				7347C1151E55AEB80034DF72 /* Assets.xcassets */,
				7347C1171E55AEB80034DF72 /* LaunchScreen.storyboard */,
				7347C11A1E55AEB80034DF72 /* Info.plist */,
				7347C1121E55AEB80034DF72 /* Checklists.xcdatamodeld */,
			);
			path = Checklists;
			sourceTree = "<group>";
		};
		7347C1221E55AEB80034DF72 /* ChecklistsTests */ = {
			isa = PBXGroup;
			children = (
				7347C1231E55AEB80034DF72 /* ChecklistsTests.swift */,
				7347C1251E55AEB80034DF72 /* Info.plist */,
			);
			path = ChecklistsTests;
			sourceTree = "<group>";
		};
		7347C12D1E55AEB80034DF72 /* ChecklistsUITests */ = {
			isa = PBXGroup;
			children = (
				7347C12E1E55AEB80034DF72 /* ChecklistsUITests.swift */,
				7347C1301E55AEB80034DF72 /* Info.plist */,
			);
			path = ChecklistsUITests;
			sourceTree = "<group>";
		};
/* End PBXGroup section */

/* Begin PBXNativeTarget section */
		7347C1071E55AEB80034DF72 /* Checklists */ = {
			isa = PBXNativeTarget;
			buildConfigurationList = 7347C1331E55AEB80034DF72 /* Build configuration list for PBXNativeTarget "Checklists" */;
			buildPhases = (
				7347C1041E55AEB80034DF72 /* Sources */,
				7347C1051E55AEB80034DF72 /* Frameworks */,
				7347C1061E55AEB80034DF72 /* Resources */,
			);
			buildRules = (
			);
			dependencies = (
			);
			name = Checklists;
			productName = Checklists;
			productReference = 7347C1081E55AEB80034DF72 /* Checklists.app */;
			productType = "com.apple.product-type.application";
		};
		7347C11E1E55AEB80034DF72 /* ChecklistsTests */ = {
			isa = PBXNativeTarget;
			buildConfigurationList = 7347C1361E55AEB80034DF72 /* Build configuration list for PBXNativeTarget "ChecklistsTests" */;
			buildPhases = (
				7347C11B1E55AEB80034DF72 /* Sources */,
				7347C11C1E55AEB80034DF72 /* Frameworks */,
				7347C11D1E55AEB80034DF72 /* Resources */,
			);
			buildRules = (
			);
			dependencies = (
				7347C1211E55AEB80034DF72 /* PBXTargetDependency */,
			);
			name = ChecklistsTests;
			productName = ChecklistsTests;
			productReference = 7347C11F1E55AEB80034DF72 /* ChecklistsTests.xctest */;
			productType = "com.apple.product-type.bundle.unit-test";
		};
		7347C1291E55AEB80034DF72 /* ChecklistsUITests */ = {
			isa = PBXNativeTarget;
			buildConfigurationList = 7347C1391E55AEB80034DF72 /* Build configuration list for PBXNativeTarget "ChecklistsUITests" */;
			buildPhases = (
				7347C1261E55AEB80034DF72 /* Sources */,
				7347C1271E55AEB80034DF72 /* Frameworks */,
				7347C1281E55AEB80034DF72 /* Resources */,
			);
			buildRules = (
			);
			dependencies = (
				7347C12C1E55AEB80034DF72 /* PBXTargetDependency */,
			);
			name = ChecklistsUITests;
			productName = ChecklistsUITests;
			productReference = 7347C12A1E55AEB80034DF72 /* ChecklistsUITests.xctest */;
			productType = "com.apple.product-type.bundle.ui-testing";
		};
/* End PBXNativeTarget section */

/* Begin PBXProject section */
		7347C1001E55AEB70034DF72 /* Project object */ = {
			isa = PBXProject;
			attributes = {
				LastSwiftUpdateCheck = 0820;
				LastUpgradeCheck = 0820;
				ORGANIZATIONNAME = "Tanya Tomchuk";
				TargetAttributes = {
					7347C1071E55AEB80034DF72 = {
						CreatedOnToolsVersion = 8.2.1;
						DevelopmentTeam = 7EH4Z4842M;
						ProvisioningStyle = Automatic;
					};
					7347C11E1E55AEB80034DF72 = {
						CreatedOnToolsVersion = 8.2.1;
						DevelopmentTeam = 7EH4Z4842M;
						ProvisioningStyle = Automatic;
						TestTargetID = 7347C1071E55AEB80034DF72;
					};
					7347C1291E55AEB80034DF72 = {
						CreatedOnToolsVersion = 8.2.1;
						DevelopmentTeam = 7EH4Z4842M;
						ProvisioningStyle = Automatic;
						TestTargetID = 7347C1071E55AEB80034DF72;
					};
				};
			};
			buildConfigurationList = 7347C1031E55AEB70034DF72 /* Build configuration list for PBXProject "Checklists" */;
			compatibilityVersion = "Xcode 3.2";
			developmentRegion = English;
			hasScannedForEncodings = 0;
			knownRegions = (
				en,
				Base,
			);
			mainGroup = 7347C0FF1E55AEB70034DF72;
			productRefGroup = 7347C1091E55AEB80034DF72 /* Products */;
			projectDirPath = "";
			projectRoot = "";
			targets = (
				7347C1071E55AEB80034DF72 /* Checklists */,
				7347C11E1E55AEB80034DF72 /* ChecklistsTests */,
				7347C1291E55AEB80034DF72 /* ChecklistsUITests */,
			);
		};
/* End PBXProject section */

/* Begin PBXResourcesBuildPhase section */
		7347C1061E55AEB80034DF72 /* Resources */ = {
			isa = PBXResourcesBuildPhase;
			buildActionMask = 2147483647;
			files = (
				7347C1191E55AEB80034DF72 /* LaunchScreen.storyboard in Resources */,
				7347C1161E55AEB80034DF72 /* Assets.xcassets in Resources */,
				7347C1111E55AEB80034DF72 /* Main.storyboard in Resources */,
			);
			runOnlyForDeploymentPostprocessing = 0;
		};
		7347C11D1E55AEB80034DF72 /* Resources */ = {
			isa = PBXResourcesBuildPhase;
			buildActionMask = 2147483647;
			files = (
			);
			runOnlyForDeploymentPostprocessing = 0;
		};
		7347C1281E55AEB80034DF72 /* Resources */ = {
			isa = PBXResourcesBuildPhase;
			buildActionMask = 2147483647;
			files = (
			);
			runOnlyForDeploymentPostprocessing = 0;
		};
/* End PBXResourcesBuildPhase section */

/* Begin PBXSourcesBuildPhase section */
		7347C1041E55AEB80034DF72 /* Sources */ = {
			isa = PBXSourcesBuildPhase;
			buildActionMask = 2147483647;
			files = (
				73F15E881E7030F7008D0B8A /* ItemDetailViewController.swift in Sources */,
				7347C10E1E55AEB80034DF72 /* ChecklistViewController.swift in Sources */,
				7347C10C1E55AEB80034DF72 /* AppDelegate.swift in Sources */,
				7347C1141E55AEB80034DF72 /* Checklists.xcdatamodeld in Sources */,
				73F15E861E5DB646008D0B8A /* ChecklistItem.swift in Sources */,
			);
			runOnlyForDeploymentPostprocessing = 0;
		};
		7347C11B1E55AEB80034DF72 /* Sources */ = {
			isa = PBXSourcesBuildPhase;
			buildActionMask = 2147483647;
			files = (
				7347C1241E55AEB80034DF72 /* ChecklistsTests.swift in Sources */,
			);
			runOnlyForDeploymentPostprocessing = 0;
		};
		7347C1261E55AEB80034DF72 /* Sources */ = {
			isa = PBXSourcesBuildPhase;
			buildActionMask = 2147483647;
			files = (
				7347C12F1E55AEB80034DF72 /* ChecklistsUITests.swift in Sources */,
			);
			runOnlyForDeploymentPostprocessing = 0;
		};
/* End PBXSourcesBuildPhase section */

/* Begin PBXTargetDependency section */
		7347C1211E55AEB80034DF72 /* PBXTargetDependency */ = {
			isa = PBXTargetDependency;
			target = 7347C1071E55AEB80034DF72 /* Checklists */;
			targetProxy = 7347C1201E55AEB80034DF72 /* PBXContainerItemProxy */;
		};
		7347C12C1E55AEB80034DF72 /* PBXTargetDependency */ = {
			isa = PBXTargetDependency;
			target = 7347C1071E55AEB80034DF72 /* Checklists */;
			targetProxy = 7347C12B1E55AEB80034DF72 /* PBXContainerItemProxy */;
		};
/* End PBXTargetDependency section */

/* Begin PBXVariantGroup section */
		7347C10F1E55AEB80034DF72 /* Main.storyboard */ = {
			isa = PBXVariantGroup;
			children = (
				7347C1101E55AEB80034DF72 /* Base */,
			);
			name = Main.storyboard;
			sourceTree = "<group>";
		};
		7347C1171E55AEB80034DF72 /* LaunchScreen.storyboard */ = {
			isa = PBXVariantGroup;
			children = (
				7347C1181E55AEB80034DF72 /* Base */,
			);
			name = LaunchScreen.storyboard;
			sourceTree = "<group>";
		};
/* End PBXVariantGroup section */

/* Begin XCBuildConfiguration section */
		7347C1311E55AEB80034DF72 /* Debug */ = {
			isa = XCBuildConfiguration;
			buildSettings = {
				ALWAYS_SEARCH_USER_PATHS = NO;
				CLANG_ANALYZER_NONNULL = YES;
				CLANG_CXX_LANGUAGE_STANDARD = "gnu++0x";
				CLANG_CXX_LIBRARY = "libc++";
				CLANG_ENABLE_MODULES = YES;
				CLANG_ENABLE_OBJC_ARC = YES;
				CLANG_WARN_BOOL_CONVERSION = YES;
				CLANG_WARN_CONSTANT_CONVERSION = YES;
				CLANG_WARN_DIRECT_OBJC_ISA_USAGE = YES_ERROR;
				CLANG_WARN_DOCUMENTATION_COMMENTS = YES;
				CLANG_WARN_EMPTY_BODY = YES;
				CLANG_WARN_ENUM_CONVERSION = YES;
				CLANG_WARN_INFINITE_RECURSION = YES;
				CLANG_WARN_INT_CONVERSION = YES;
				CLANG_WARN_OBJC_ROOT_CLASS = YES_ERROR;
				CLANG_WARN_SUSPICIOUS_MOVE = YES;
				CLANG_WARN_UNREACHABLE_CODE = YES;
				CLANG_WARN__DUPLICATE_METHOD_MATCH = YES;
				"CODE_SIGN_IDENTITY[sdk=iphoneos*]" = "iPhone Developer";
				COPY_PHASE_STRIP = NO;
				DEBUG_INFORMATION_FORMAT = dwarf;
				ENABLE_STRICT_OBJC_MSGSEND = YES;
				ENABLE_TESTABILITY = YES;
				GCC_C_LANGUAGE_STANDARD = gnu99;
				GCC_DYNAMIC_NO_PIC = NO;
				GCC_NO_COMMON_BLOCKS = YES;
				GCC_OPTIMIZATION_LEVEL = 0;
				GCC_PREPROCESSOR_DEFINITIONS = (
					"DEBUG=1",
					"$(inherited)",
				);
				GCC_WARN_64_TO_32_BIT_CONVERSION = YES;
				GCC_WARN_ABOUT_RETURN_TYPE = YES_ERROR;
				GCC_WARN_UNDECLARED_SELECTOR = YES;
				GCC_WARN_UNINITIALIZED_AUTOS = YES_AGGRESSIVE;
				GCC_WARN_UNUSED_FUNCTION = YES;
				GCC_WARN_UNUSED_VARIABLE = YES;
				IPHONEOS_DEPLOYMENT_TARGET = 10.2;
				MTL_ENABLE_DEBUG_INFO = YES;
				ONLY_ACTIVE_ARCH = YES;
				SDKROOT = iphoneos;
				SWIFT_ACTIVE_COMPILATION_CONDITIONS = DEBUG;
				SWIFT_OPTIMIZATION_LEVEL = "-Onone";
			};
			name = Debug;
		};
		7347C1321E55AEB80034DF72 /* Release */ = {
			isa = XCBuildConfiguration;
			buildSettings = {
				ALWAYS_SEARCH_USER_PATHS = NO;
				CLANG_ANALYZER_NONNULL = YES;
				CLANG_CXX_LANGUAGE_STANDARD = "gnu++0x";
				CLANG_CXX_LIBRARY = "libc++";
				CLANG_ENABLE_MODULES = YES;
				CLANG_ENABLE_OBJC_ARC = YES;
				CLANG_WARN_BOOL_CONVERSION = YES;
				CLANG_WARN_CONSTANT_CONVERSION = YES;
				CLANG_WARN_DIRECT_OBJC_ISA_USAGE = YES_ERROR;
				CLANG_WARN_DOCUMENTATION_COMMENTS = YES;
				CLANG_WARN_EMPTY_BODY = YES;
				CLANG_WARN_ENUM_CONVERSION = YES;
				CLANG_WARN_INFINITE_RECURSION = YES;
				CLANG_WARN_INT_CONVERSION = YES;
				CLANG_WARN_OBJC_ROOT_CLASS = YES_ERROR;
				CLANG_WARN_SUSPICIOUS_MOVE = YES;
				CLANG_WARN_UNREACHABLE_CODE = YES;
				CLANG_WARN__DUPLICATE_METHOD_MATCH = YES;
				"CODE_SIGN_IDENTITY[sdk=iphoneos*]" = "iPhone Developer";
				COPY_PHASE_STRIP = NO;
				DEBUG_INFORMATION_FORMAT = "dwarf-with-dsym";
				ENABLE_NS_ASSERTIONS = NO;
				ENABLE_STRICT_OBJC_MSGSEND = YES;
				GCC_C_LANGUAGE_STANDARD = gnu99;
				GCC_NO_COMMON_BLOCKS = YES;
				GCC_WARN_64_TO_32_BIT_CONVERSION = YES;
				GCC_WARN_ABOUT_RETURN_TYPE = YES_ERROR;
				GCC_WARN_UNDECLARED_SELECTOR = YES;
				GCC_WARN_UNINITIALIZED_AUTOS = YES_AGGRESSIVE;
				GCC_WARN_UNUSED_FUNCTION = YES;
				GCC_WARN_UNUSED_VARIABLE = YES;
				IPHONEOS_DEPLOYMENT_TARGET = 10.2;
				MTL_ENABLE_DEBUG_INFO = NO;
				SDKROOT = iphoneos;
				SWIFT_OPTIMIZATION_LEVEL = "-Owholemodule";
				VALIDATE_PRODUCT = YES;
			};
			name = Release;
		};
		7347C1341E55AEB80034DF72 /* Debug */ = {
			isa = XCBuildConfiguration;
			buildSettings = {
				ASSETCATALOG_COMPILER_APPICON_NAME = AppIcon;
				DEVELOPMENT_TEAM = 7EH4Z4842M;
				INFOPLIST_FILE = Checklists/Info.plist;
				LD_RUNPATH_SEARCH_PATHS = "$(inherited) @executable_path/Frameworks";
				PRODUCT_BUNDLE_IDENTIFIER = com.epam.Checklists;
				PRODUCT_NAME = "$(TARGET_NAME)";
				SWIFT_VERSION = 3.0;
			};
			name = Debug;
		};
		7347C1351E55AEB80034DF72 /* Release */ = {
			isa = XCBuildConfiguration;
			buildSettings = {
				ASSETCATALOG_COMPILER_APPICON_NAME = AppIcon;
				DEVELOPMENT_TEAM = 7EH4Z4842M;
				INFOPLIST_FILE = Checklists/Info.plist;
				LD_RUNPATH_SEARCH_PATHS = "$(inherited) @executable_path/Frameworks";
				PRODUCT_BUNDLE_IDENTIFIER = com.epam.Checklists;
				PRODUCT_NAME = "$(TARGET_NAME)";
				SWIFT_VERSION = 3.0;
			};
			name = Release;
		};
		7347C1371E55AEB80034DF72 /* Debug */ = {
			isa = XCBuildConfiguration;
			buildSettings = {
				ALWAYS_EMBED_SWIFT_STANDARD_LIBRARIES = YES;
				BUNDLE_LOADER = "$(TEST_HOST)";
				DEVELOPMENT_TEAM = 7EH4Z4842M;
				INFOPLIST_FILE = ChecklistsTests/Info.plist;
				LD_RUNPATH_SEARCH_PATHS = "$(inherited) @executable_path/Frameworks @loader_path/Frameworks";
				PRODUCT_BUNDLE_IDENTIFIER = com.epam.ChecklistsTests;
				PRODUCT_NAME = "$(TARGET_NAME)";
				SWIFT_VERSION = 3.0;
				TEST_HOST = "$(BUILT_PRODUCTS_DIR)/Checklists.app/Checklists";
			};
			name = Debug;
		};
		7347C1381E55AEB80034DF72 /* Release */ = {
			isa = XCBuildConfiguration;
			buildSettings = {
				ALWAYS_EMBED_SWIFT_STANDARD_LIBRARIES = YES;
				BUNDLE_LOADER = "$(TEST_HOST)";
				DEVELOPMENT_TEAM = 7EH4Z4842M;
				INFOPLIST_FILE = ChecklistsTests/Info.plist;
				LD_RUNPATH_SEARCH_PATHS = "$(inherited) @executable_path/Frameworks @loader_path/Frameworks";
				PRODUCT_BUNDLE_IDENTIFIER = com.epam.ChecklistsTests;
				PRODUCT_NAME = "$(TARGET_NAME)";
				SWIFT_VERSION = 3.0;
				TEST_HOST = "$(BUILT_PRODUCTS_DIR)/Checklists.app/Checklists";
			};
			name = Release;
		};
		7347C13A1E55AEB80034DF72 /* Debug */ = {
			isa = XCBuildConfiguration;
			buildSettings = {
				ALWAYS_EMBED_SWIFT_STANDARD_LIBRARIES = YES;
				DEVELOPMENT_TEAM = 7EH4Z4842M;
				INFOPLIST_FILE = ChecklistsUITests/Info.plist;
				LD_RUNPATH_SEARCH_PATHS = "$(inherited) @executable_path/Frameworks @loader_path/Frameworks";
				PRODUCT_BUNDLE_IDENTIFIER = com.epam.ChecklistsUITests;
				PRODUCT_NAME = "$(TARGET_NAME)";
				SWIFT_VERSION = 3.0;
				TEST_TARGET_NAME = Checklists;
			};
			name = Debug;
		};
		7347C13B1E55AEB80034DF72 /* Release */ = {
			isa = XCBuildConfiguration;
			buildSettings = {
				ALWAYS_EMBED_SWIFT_STANDARD_LIBRARIES = YES;
				DEVELOPMENT_TEAM = 7EH4Z4842M;
				INFOPLIST_FILE = ChecklistsUITests/Info.plist;
				LD_RUNPATH_SEARCH_PATHS = "$(inherited) @executable_path/Frameworks @loader_path/Frameworks";
				PRODUCT_BUNDLE_IDENTIFIER = com.epam.ChecklistsUITests;
				PRODUCT_NAME = "$(TARGET_NAME)";
				SWIFT_VERSION = 3.0;
				TEST_TARGET_NAME = Checklists;
			};
			name = Release;
		};
/* End XCBuildConfiguration section */

/* Begin XCConfigurationList section */
		7347C1031E55AEB70034DF72 /* Build configuration list for PBXProject "Checklists" */ = {
			isa = XCConfigurationList;
			buildConfigurations = (
				7347C1311E55AEB80034DF72 /* Debug */,
				7347C1321E55AEB80034DF72 /* Release */,
			);
			defaultConfigurationIsVisible = 0;
			defaultConfigurationName = Release;
		};
		7347C1331E55AEB80034DF72 /* Build configuration list for PBXNativeTarget "Checklists" */ = {
			isa = XCConfigurationList;
			buildConfigurations = (
				7347C1341E55AEB80034DF72 /* Debug */,
				7347C1351E55AEB80034DF72 /* Release */,
			);
			defaultConfigurationIsVisible = 0;
			defaultConfigurationName = Release;
		};
		7347C1361E55AEB80034DF72 /* Build configuration list for PBXNativeTarget "ChecklistsTests" */ = {
			isa = XCConfigurationList;
			buildConfigurations = (
				7347C1371E55AEB80034DF72 /* Debug */,
				7347C1381E55AEB80034DF72 /* Release */,
			);
			defaultConfigurationIsVisible = 0;
			defaultConfigurationName = Release;
		};
		7347C1391E55AEB80034DF72 /* Build configuration list for PBXNativeTarget "ChecklistsUITests" */ = {
			isa = XCConfigurationList;
			buildConfigurations = (
				7347C13A1E55AEB80034DF72 /* Debug */,
				7347C13B1E55AEB80034DF72 /* Release */,
			);
			defaultConfigurationIsVisible = 0;
			defaultConfigurationName = Release;
		};
/* End XCConfigurationList section */

/* Begin XCVersionGroup section */
		7347C1121E55AEB80034DF72 /* Checklists.xcdatamodeld */ = {
			isa = XCVersionGroup;
			children = (
				7347C1131E55AEB80034DF72 /* Checklists.xcdatamodel */,
			);
			currentVersion = 7347C1131E55AEB80034DF72 /* Checklists.xcdatamodel */;
			path = Checklists.xcdatamodeld;
			sourceTree = "<group>";
			versionGroupType = wrapper.xcdatamodel;
		};
/* End XCVersionGroup section */
	};
	rootObject = 7347C1001E55AEB70034DF72 /* Project object */;
}
